Microsoft Visual Studio Solution File, Format Version 12.00
# Visual Studio Version 17
VisualStudioVersion = 17.0.31903.59
MinimumVisualStudioVersion = 10.0.40219.1
Project("{FAE04EC0-301F-11D3-BF4B-00C04F79EFBC}") = "PadScope.Cli", "PadScope.Cli\PadScope.Cli.csproj", "{B0C5F2C0-5F4B-4F42-9C5A-001000000001}"
EndProject
Project("{FAE04EC0-301F-11D3-BF4B-00C04F79EFBC}") = "PadScope.Core", "PadScope.Core\PadScope.Core.csproj", "{B0C5F2C0-5F4B-4F42-9C5A-001000000002}"
EndProject
Project("{FAE04EC0-301F-11D3-BF4B-00C04F79EFBC}") = "PadScope.Desktop", "PadScope.Desktop\PadScope.Desktop.csproj", "{B0C5F2C0-5F4B-4F42-9C5A-001000000003}"
EndProject
Global
    GlobalSection(SolutionConfigurationPlatforms) = preSolution
        Debug|Any CPU = Debug|Any CPU
        Release|Any CPU = Release|Any CPU
    EndGlobalSection
    GlobalSection(ProjectConfigurationPlatforms) = postSolution
        {B0C5F2C0-5F4B-4F42-9C5A-001000000001}.Debug|Any CPU.ActiveCfg = Debug|Any CPU
        {B0C5F2C0-5F4B-4F42-9C5A-001000000001}.Debug|Any CPU.Build.0 = Debug|Any CPU
        {B0C5F2C0-5F4B-4F42-9C5A-001000000001}.Release|Any CPU.ActiveCfg = Release|Any CPU
        {B0C5F2C0-5F4B-4F42-9C5A-001000000001}.Release|Any CPU.Build.0 = Release|Any CPU
        {B0C5F2C0-5F4B-4F42-9C5A-001000000002}.Debug|Any CPU.ActiveCfg = Debug|Any CPU
        {B0C5F2C0-5F4B-4F42-9C5A-001000000002}.Debug|Any CPU.Build.0 = Debug|Any CPU
        {B0C5F2C0-5F4B-4F42-9C5A-001000000002}.Release|Any CPU.ActiveCfg = Release|Any CPU
        {B0C5F2C0-5F4B-4F42-9C5A-001000000002}.Release|Any CPU.Build.0 = Release|Any CPU
        {B0C5F2C0-5F4B-4F42-9C5A-001000000003}.Debug|Any CPU.ActiveCfg = Debug|Any CPU
        {B0C5F2C0-5F4B-4F42-9C5A-001000000003}.Debug|Any CPU.Build.0 = Debug|Any CPU
        {B0C5F2C0-5F4B-4F42-9C5A-001000000003}.Release|Any CPU.ActiveCfg = Release|Any CPU
        {B0C5F2C0-5F4B-4F42-9C5A-001000000003}.Release|Any CPU.Build.0 = Release|Any CPU
    EndGlobalSection
EndGlobal
